
Microsoft Visual Studio Solution File, Format Version 12.00
# Visual Studio Version 17
VisualStudioVersion = 17.11.35303.130
MinimumVisualStudioVersion = 10.0.40219.1
Project("{FAE04EC0-301F-11D3-BF4B-00C04F79EFBC}") = "ProyectoParaReportes", "ProyectoParaReportes.csproj", "{EA1CE0A3-61CA-4910-BEED-9F81E36BA219}"
EndProject
Global
	GlobalSection(SolutionConfigurationPlatforms) = preSolution
		Debug|Any CPU = Debug|Any CPU
		Release|Any CPU = Release|Any CPU
	EndGlobalSection
	GlobalSection(ProjectConfigurationPlatforms) = postSolution
		{EA1CE0A3-61CA-4910-BEED-9F81E36BA219}.Debug|Any CPU.ActiveCfg = Debug|Any CPU
		{EA1CE0A3-61CA-4910-BEED-9F81E36BA219}.Debug|Any CPU.Build.0 = Debug|Any CPU
		{EA1CE0A3-61CA-4910-BEED-9F81E36BA219}.Release|Any CPU.ActiveCfg = Release|Any CPU
		{EA1CE0A3-61CA-4910-BEED-9F81E36BA219}.Release|Any CPU.Build.0 = Release|Any CPU
	EndGlobalSection
	GlobalSection(SolutionProperties) = preSolution
		HideSolutionNode = FALSE
	EndGlobalSection
	GlobalSection(ExtensibilityGlobals) = postSolution
		SolutionGuid = {BB3819AE-99C1-47FF-ACB3-2EAC15F877BE}
	EndGlobalSection
EndGlobal
